// !$*UTF8*$!
{
	archiveVersion = 1;
	classes = {
	};
	objectVersion = 48;
	objects = {

/* Begin PBXBuildFile section */
		FA685B881F3C1C5000FD7099 /* AppDelegate.swift in Sources */ = {isa = PBXBuildFile; fileRef = FA685B871F3C1C5000FD7099 /* AppDelegate.swift */; };
		FA685B8A1F3C1C5000FD7099 /* WelcomeVC.swift in Sources */ = {isa = PBXBuildFile; fileRef = FA685B891F3C1C5000FD7099 /* WelcomeVC.swift */; };
		FA685B8D1F3C1C5000FD7099 /* Main.storyboard in Resources */ = {isa = PBXBuildFile; fileRef = FA685B8B1F3C1C5000FD7099 /* Main.storyboard */; };
		FA685B8F1F3C1C5000FD7099 /* Assets.xcassets in Resources */ = {isa = PBXBuildFile; fileRef = FA685B8E1F3C1C5000FD7099 /* Assets.xcassets */; };
		FA685B921F3C1C5000FD7099 /* LaunchScreen.storyboard in Resources */ = {isa = PBXBuildFile; fileRef = FA685B901F3C1C5000FD7099 /* LaunchScreen.storyboard */; };
		FA685B9B1F3C213A00FD7099 /* BorderButton.swift in Sources */ = {isa = PBXBuildFile; fileRef = FA685B9A1F3C213A00FD7099 /* BorderButton.swift */; };
		FA685B9F1F3C3C8200FD7099 /* LeagueVC.swift in Sources */ = {isa = PBXBuildFile; fileRef = FA685B9E1F3C3C8200FD7099 /* LeagueVC.swift */; };
		FA685BA11F3C3C9200FD7099 /* SkillVC.swift in Sources */ = {isa = PBXBuildFile; fileRef = FA685BA01F3C3C9200FD7099 /* SkillVC.swift */; };
		FA685BA31F3C423400FD7099 /* Player.swift in Sources */ = {isa = PBXBuildFile; fileRef = FA685BA21F3C423400FD7099 /* Player.swift */; };
/* End PBXBuildFile section */

/* Begin PBXFileReference section */
		FA685B841F3C1C5000FD7099 /* app-swoosh.app */ = {isa = PBXFileReference; explicitFileType = wrapper.application; includeInIndex = 0; path = "app-swoosh.app"; sourceTree = BUILT_PRODUCTS_DIR; };
		FA685B871F3C1C5000FD7099 /* AppDelegate.swift */ = {isa = PBXFileReference; lastKnownFileType = sourcecode.swift; path = AppDelegate.swift; sourceTree = "<group>"; };
		FA685B891F3C1C5000FD7099 /* WelcomeVC.swift */ = {isa = PBXFileReference; lastKnownFileType = sourcecode.swift; path = WelcomeVC.swift; sourceTree = "<group>"; };
		FA685B8C1F3C1C5000FD7099 /* Base */ = {isa = PBXFileReference; lastKnownFileType = file.storyboard; name = Base; path = Base.lproj/Main.storyboard; sourceTree = "<group>"; };
		FA685B8E1F3C1C5000FD7099 /* Assets.xcassets */ = {isa = PBXFileReference; lastKnownFileType = folder.assetcatalog; path = Assets.xcassets; sourceTree = "<group>"; };
		FA685B911F3C1C5000FD7099 /* Base */ = {isa = PBXFileReference; lastKnownFileType = file.storyboard; name = Base; path = Base.lproj/LaunchScreen.storyboard; sourceTree = "<group>"; };
		FA685B931F3C1C5000FD7099 /* Info.plist */ = {isa = PBXFileReference; lastKnownFileType = text.plist.xml; path = Info.plist; sourceTree = "<group>"; };
		FA685B9A1F3C213A00FD7099 /* BorderButton.swift */ = {isa = PBXFileReference; lastKnownFileType = sourcecode.swift; path = BorderButton.swift; sourceTree = "<group>"; };
		FA685B9E1F3C3C8200FD7099 /* LeagueVC.swift */ = {isa = PBXFileReference; lastKnownFileType = sourcecode.swift; path = LeagueVC.swift; sourceTree = "<group>"; };
		FA685BA01F3C3C9200FD7099 /* SkillVC.swift */ = {isa = PBXFileReference; lastKnownFileType = sourcecode.swift; path = SkillVC.swift; sourceTree = "<group>"; };
		FA685BA21F3C423400FD7099 /* Player.swift */ = {isa = PBXFileReference; lastKnownFileType = sourcecode.swift; path = Player.swift; sourceTree = "<group>"; };
/* End PBXFileReference section */

/* Begin PBXFrameworksBuildPhase section */
		FA685B811F3C1C5000FD7099 /* Frameworks */ = {
			isa = PBXFrameworksBuildPhase;
			buildActionMask = 2147483647;
			files = (
			);
			runOnlyForDeploymentPostprocessing = 0;
		};
/* End PBXFrameworksBuildPhase section */

/* Begin PBXGroup section */
		FA685B7B1F3C1C5000FD7099 = {
			isa = PBXGroup;
			children = (
				FA685B861F3C1C5000FD7099 /* app-swoosh */,
				FA685B851F3C1C5000FD7099 /* Products */,
			);
			sourceTree = "<group>";
		};
		FA685B851F3C1C5000FD7099 /* Products */ = {
			isa = PBXGroup;
			children = (
				FA685B841F3C1C5000FD7099 /* app-swoosh.app */,
			);
			name = Products;
			sourceTree = "<group>";
		};
		FA685B861F3C1C5000FD7099 /* app-swoosh */ = {
			isa = PBXGroup;
			children = (
				FA685B9D1F3C3BE600FD7099 /* Model */,
				FA685B9C1F3C3BDD00FD7099 /* Controller */,
				FA685B991F3C20F500FD7099 /* Views */,
				FA685B871F3C1C5000FD7099 /* AppDelegate.swift */,
				FA685B8B1F3C1C5000FD7099 /* Main.storyboard */,
				FA685B8E1F3C1C5000FD7099 /* Assets.xcassets */,
				FA685B901F3C1C5000FD7099 /* LaunchScreen.storyboard */,
				FA685B931F3C1C5000FD7099 /* Info.plist */,
			);
			path = "app-swoosh";
			sourceTree = "<group>";
		};
		FA685B991F3C20F500FD7099 /* Views */ = {
			isa = PBXGroup;
			children = (
				FA685B9A1F3C213A00FD7099 /* BorderButton.swift */,
			);
			path = Views;
			sourceTree = "<group>";
		};
		FA685B9C1F3C3BDD00FD7099 /* Controller */ = {
			isa = PBXGroup;
			children = (
				FA685B891F3C1C5000FD7099 /* WelcomeVC.swift */,
				FA685B9E1F3C3C8200FD7099 /* LeagueVC.swift */,
				FA685BA01F3C3C9200FD7099 /* SkillVC.swift */,
			);
			path = Controller;
			sourceTree = "<group>";
		};
		FA685B9D1F3C3BE600FD7099 /* Model */ = {
			isa = PBXGroup;
			children = (
				FA685BA21F3C423400FD7099 /* Player.swift */,
			);
			path = Model;
			sourceTree = "<group>";
		};
/* End PBXGroup section */

/* Begin PBXNativeTarget section */
		FA685B831F3C1C5000FD7099 /* app-swoosh */ = {
			isa = PBXNativeTarget;
			buildConfigurationList = FA685B961F3C1C5000FD7099 /* Build configuration list for PBXNativeTarget "app-swoosh" */;
			buildPhases = (
				FA685B801F3C1C5000FD7099 /* Sources */,
				FA685B811F3C1C5000FD7099 /* Frameworks */,
				FA685B821F3C1C5000FD7099 /* Resources */,
			);
			buildRules = (
			);
			dependencies = (
			);
			name = "app-swoosh";
			productName = "app-swoosh";
			productReference = FA685B841F3C1C5000FD7099 /* app-swoosh.app */;
			productType = "com.apple.product-type.application";
		};
/* End PBXNativeTarget section */

/* Begin PBXProject section */
		FA685B7C1F3C1C5000FD7099 /* Project object */ = {
			isa = PBXProject;
			attributes = {
				LastSwiftUpdateCheck = 0900;
				LastUpgradeCheck = 0900;
				ORGANIZATIONNAME = "Carlos Cuba";
				TargetAttributes = {
					FA685B831F3C1C5000FD7099 = {
						CreatedOnToolsVersion = 9.0;
					};
				};
			};
			buildConfigurationList = FA685B7F1F3C1C5000FD7099 /* Build configuration list for PBXProject "app-swoosh" */;
			compatibilityVersion = "Xcode 8.0";
			developmentRegion = en;
			hasScannedForEncodings = 0;
			knownRegions = (
				en,
				Base,
			);
			mainGroup = FA685B7B1F3C1C5000FD7099;
			productRefGroup = FA685B851F3C1C5000FD7099 /* Products */;
			projectDirPath = "";
			projectRoot = "";
			targets = (
				FA685B831F3C1C5000FD7099 /* app-swoosh */,
			);
		};
/* End PBXProject section */

/* Begin PBXResourcesBuildPhase section */
		FA685B821F3C1C5000FD7099 /* Resources */ = {
			isa = PBXResourcesBuildPhase;
			buildActionMask = 2147483647;
			files = (
				FA685B921F3C1C5000FD7099 /* LaunchScreen.storyboard in Resources */,
				FA685B8F1F3C1C5000FD7099 /* Assets.xcassets in Resources */,
				FA685B8D1F3C1C5000FD7099 /* Main.storyboard in Resources */,
			);
			runOnlyForDeploymentPostprocessing = 0;
		};
/* End PBXResourcesBuildPhase section */

/* Begin PBXSourcesBuildPhase section */
		FA685B801F3C1C5000FD7099 /* Sources */ = {
			isa = PBXSourcesBuildPhase;
			buildActionMask = 2147483647;
			files = (
				FA685B8A1F3C1C5000FD7099 /* WelcomeVC.swift in Sources */,
				FA685B9F1F3C3C8200FD7099 /* LeagueVC.swift in Sources */,
				FA685B881F3C1C5000FD7099 /* AppDelegate.swift in Sources */,
				FA685BA11F3C3C9200FD7099 /* SkillVC.swift in Sources */,
				FA685BA31F3C423400FD7099 /* Player.swift in Sources */,
				FA685B9B1F3C213A00FD7099 /* BorderButton.swift in Sources */,
			);
			runOnlyForDeploymentPostprocessing = 0;
		};
/* End PBXSourcesBuildPhase section */

/* Begin PBXVariantGroup section */
		FA685B8B1F3C1C5000FD7099 /* Main.storyboard */ = {
			isa = PBXVariantGroup;
			children = (
				FA685B8C1F3C1C5000FD7099 /* Base */,
			);
			name = Main.storyboard;
			sourceTree = "<group>";
		};
		FA685B901F3C1C5000FD7099 /* LaunchScreen.storyboard */ = {
			isa = PBXVariantGroup;
			children = (
				FA685B911F3C1C5000FD7099 /* Base */,
			);
			name = LaunchScreen.storyboard;
			sourceTree = "<group>";
		};
/* End PBXVariantGroup section */

/* Begin XCBuildConfiguration section */
		FA685B941F3C1C5000FD7099 /* Debug */ = {
			isa = XCBuildConfiguration;
			buildSettings = {
				ALWAYS_SEARCH_USER_PATHS = NO;
				CLANG_ANALYZER_NONNULL = YES;
				CLANG_ANALYZER_NUMBER_OBJECT_CONVERSION = YES_AGGRESSIVE;
				CLANG_CXX_LANGUAGE_STANDARD = "gnu++14";
				CLANG_CXX_LIBRARY = "libc++";
				CLANG_ENABLE_MODULES = YES;
				CLANG_ENABLE_OBJC_ARC = YES;
				CLANG_WARN_BLOCK_CAPTURE_AUTORELEASING = YES;
				CLANG_WARN_BOOL_CONVERSION = YES;
				CLANG_WARN_COMMA = YES;
				CLANG_WARN_CONSTANT_CONVERSION = YES;
				CLANG_WARN_DIRECT_OBJC_ISA_USAGE = YES_ERROR;
				CLANG_WARN_DOCUMENTATION_COMMENTS = YES;
				CLANG_WARN_EMPTY_BODY = YES;
				CLANG_WARN_ENUM_CONVERSION = YES;
				CLANG_WARN_INFINITE_RECURSION = YES;
				CLANG_WARN_INT_CONVERSION = YES;
				CLANG_WARN_NON_LITERAL_NULL_CONVERSION = YES;
				CLANG_WARN_OBJC_LITERAL_CONVERSION = YES;
				CLANG_WARN_OBJC_ROOT_CLASS = YES_ERROR;
				CLANG_WARN_RANGE_LOOP_ANALYSIS = YES;
				CLANG_WARN_STRICT_PROTOTYPES = YES;
				CLANG_WARN_SUSPICIOUS_MOVE = YES;
				CLANG_WARN_UNGUARDED_AVAILABILITY = YES_AGGRESSIVE;
				CLANG_WARN_UNREACHABLE_CODE = YES;
				CLANG_WARN__DUPLICATE_METHOD_MATCH = YES;
				CODE_SIGN_IDENTITY = "iPhone Developer";
				COPY_PHASE_STRIP = NO;
				DEBUG_INFORMATION_FORMAT = dwarf;
				ENABLE_STRICT_OBJC_MSGSEND = YES;
				ENABLE_TESTABILITY = YES;
				GCC_C_LANGUAGE_STANDARD = gnu11;
				GCC_DYNAMIC_NO_PIC = NO;
				GCC_NO_COMMON_BLOCKS = YES;
				GCC_OPTIMIZATION_LEVEL = 0;
				GCC_PREPROCESSOR_DEFINITIONS = (
					"DEBUG=1",
					"$(inherited)",
				);
				GCC_WARN_64_TO_32_BIT_CONVERSION = YES;
				GCC_WARN_ABOUT_RETURN_TYPE = YES_ERROR;
				GCC_WARN_UNDECLARED_SELECTOR = YES;
				GCC_WARN_UNINITIALIZED_AUTOS = YES_AGGRESSIVE;
				GCC_WARN_UNUSED_FUNCTION = YES;
				GCC_WARN_UNUSED_VARIABLE = YES;
				IPHONEOS_DEPLOYMENT_TARGET = 11.0;
				MTL_ENABLE_DEBUG_INFO = YES;
				ONLY_ACTIVE_ARCH = YES;
				SDKROOT = iphoneos;
				SWIFT_ACTIVE_COMPILATION_CONDITIONS = DEBUG;
				SWIFT_OPTIMIZATION_LEVEL = "-Onone";
			};
			name = Debug;
		};
		FA685B951F3C1C5000FD7099 /* Release */ = {
			isa = XCBuildConfiguration;
			buildSettings = {
				ALWAYS_SEARCH_USER_PATHS = NO;
				CLANG_ANALYZER_NONNULL = YES;
				CLANG_ANALYZER_NUMBER_OBJECT_CONVERSION = YES_AGGRESSIVE;
				CLANG_CXX_LANGUAGE_STANDARD = "gnu++14";
				CLANG_CXX_LIBRARY = "libc++";
				CLANG_ENABLE_MODULES = YES;
				CLANG_ENABLE_OBJC_ARC = YES;
				CLANG_WARN_BLOCK_CAPTURE_AUTORELEASING = YES;
				CLANG_WARN_BOOL_CONVERSION = YES;
				CLANG_WARN_COMMA = YES;
				CLANG_WARN_CONSTANT_CONVERSION = YES;
				CLANG_WARN_DIRECT_OBJC_ISA_USAGE = YES_ERROR;
				CLANG_WARN_DOCUMENTATION_COMMENTS = YES;
				CLANG_WARN_EMPTY_BODY = YES;
				CLANG_WARN_ENUM_CONVERSION = YES;
				CLANG_WARN_INFINITE_RECURSION = YES;
				CLANG_WARN_INT_CONVERSION = YES;
				CLANG_WARN_NON_LITERAL_NULL_CONVERSION = YES;
				CLANG_WARN_OBJC_LITERAL_CONVERSION = YES;
				CLANG_WARN_OBJC_ROOT_CLASS = YES_ERROR;
				CLANG_WARN_RANGE_LOOP_ANALYSIS = YES;
				CLANG_WARN_STRICT_PROTOTYPES = YES;
				CLANG_WARN_SUSPICIOUS_MOVE = YES;
				CLANG_WARN_UNGUARDED_AVAILABILITY = YES_AGGRESSIVE;
				CLANG_WARN_UNREACHABLE_CODE = YES;
				CLANG_WARN__DUPLICATE_METHOD_MATCH = YES;
				CODE_SIGN_IDENTITY = "iPhone Developer";
				COPY_PHASE_STRIP = NO;
				DEBUG_INFORMATION_FORMAT = "dwarf-with-dsym";
				ENABLE_NS_ASSERTIONS = NO;
				ENABLE_STRICT_OBJC_MSGSEND = YES;
				GCC_C_LANGUAGE_STANDARD = gnu11;
				GCC_NO_COMMON_BLOCKS = YES;
				GCC_WARN_64_TO_32_BIT_CONVERSION = YES;
				GCC_WARN_ABOUT_RETURN_TYPE = YES_ERROR;
				GCC_WARN_UNDECLARED_SELECTOR = YES;
				GCC_WARN_UNINITIALIZED_AUTOS = YES_AGGRESSIVE;
				GCC_WARN_UNUSED_FUNCTION = YES;
				GCC_WARN_UNUSED_VARIABLE = YES;
				IPHONEOS_DEPLOYMENT_TARGET = 11.0;
				MTL_ENABLE_DEBUG_INFO = NO;
				SDKROOT = iphoneos;
				SWIFT_OPTIMIZATION_LEVEL = "-Owholemodule";
				VALIDATE_PRODUCT = YES;
			};
			name = Release;
		};
		FA685B971F3C1C5000FD7099 /* Debug */ = {
			isa = XCBuildConfiguration;
			buildSettings = {
				ASSETCATALOG_COMPILER_APPICON_NAME = AppIcon;
				DEVELOPMENT_TEAM = HVGT39W8TB;
				INFOPLIST_FILE = "app-swoosh/Info.plist";
				LD_RUNPATH_SEARCH_PATHS = "$(inherited) @executable_path/Frameworks";
				PRODUCT_BUNDLE_IDENTIFIER = "com.cecuba.app-swoosh";
				PRODUCT_NAME = "$(TARGET_NAME)";
				SWIFT_VERSION = 4.0;
				TARGETED_DEVICE_FAMILY = "1,2";
			};
			name = Debug;
		};
		FA685B981F3C1C5000FD7099 /* Release */ = {
			isa = XCBuildConfiguration;
			buildSettings = {
				ASSETCATALOG_COMPILER_APPICON_NAME = AppIcon;
				DEVELOPMENT_TEAM = HVGT39W8TB;
				INFOPLIST_FILE = "app-swoosh/Info.plist";
				LD_RUNPATH_SEARCH_PATHS = "$(inherited) @executable_path/Frameworks";
				PRODUCT_BUNDLE_IDENTIFIER = "com.cecuba.app-swoosh";
				PRODUCT_NAME = "$(TARGET_NAME)";
				SWIFT_VERSION = 4.0;
				TARGETED_DEVICE_FAMILY = "1,2";
			};
			name = Release;
		};
/* End XCBuildConfiguration section */

/* Begin XCConfigurationList section */
		FA685B7F1F3C1C5000FD7099 /* Build configuration list for PBXProject "app-swoosh" */ = {
			isa = XCConfigurationList;
			buildConfigurations = (
				FA685B941F3C1C5000FD7099 /* Debug */,
				FA685B951F3C1C5000FD7099 /* Release */,
			);
			defaultConfigurationIsVisible = 0;
			defaultConfigurationName = Release;
		};
		FA685B961F3C1C5000FD7099 /* Build configuration list for PBXNativeTarget "app-swoosh" */ = {
			isa = XCConfigurationList;
			buildConfigurations = (
				FA685B971F3C1C5000FD7099 /* Debug */,
				FA685B981F3C1C5000FD7099 /* Release */,
			);
			defaultConfigurationIsVisible = 0;
			defaultConfigurationName = Release;
		};
/* End XCConfigurationList section */
	};
	rootObject = FA685B7C1F3C1C5000FD7099 /* Project object */;
}
